
Microsoft Visual Studio Solution File, Format Version 12.00
# Visual Studio 14
VisualStudioVersion = 14.0.23107.0
MinimumVisualStudioVersion = 10.0.40219.1
Project("{2150E333-8FDC-42A3-9474-1A3956D46DE8}") = "Solution Items", "Solution Items", "{31BD9BF6-DAC1-4081-A10C-616484EC96C6}"
	ProjectSection(SolutionItems) = preProject
		README.md = README.md
	EndProjectSection
EndProject
Project("{2150E333-8FDC-42A3-9474-1A3956D46DE8}") = "01.Bootstrap", "01.Bootstrap", "{D10D0804-BB61-4559-9673-6754D878A99A}"
	ProjectSection(SolutionItems) = preProject
		01.Bootstrap\README.md = 01.Bootstrap\README.md
	EndProjectSection
EndProject
Project("{FAE04EC0-301F-11D3-BF4B-00C04F79EFBC}") = "HelloWorldApp", "01.Bootstrap\HelloWorldApp\HelloWorldApp.csproj", "{14972B20-B123-4D0E-9E69-8CE2F0B81EF3}"
EndProject
Project("{2150E333-8FDC-42A3-9474-1A3956D46DE8}") = "Images", "Images", "{1AE025EB-EE2C-488C-8F73-C2EDA6747129}"
	ProjectSection(SolutionItems) = preProject
		01.Bootstrap\Images\shell.png = 01.Bootstrap\Images\shell.png
	EndProjectSection
EndProject
Project("{2150E333-8FDC-42A3-9474-1A3956D46DE8}") = "02.ViewModelLocator", "02.ViewModelLocator", "{05FB80D8-4803-4D11-9842-0EDF140ABA87}"
	ProjectSection(SolutionItems) = preProject
		02.ViewModelLocator\README.md = 02.ViewModelLocator\README.md
	EndProjectSection
EndProject
Project("{FAE04EC0-301F-11D3-BF4B-00C04F79EFBC}") = "ViewModelLocatorSampleApp", "02.ViewModelLocator\ViewModelLocatorSampleApp\ViewModelLocatorSampleApp.csproj", "{A7E8A87F-9044-495A-80E3-C1BCE90ABB46}"
EndProject
Project("{2150E333-8FDC-42A3-9474-1A3956D46DE8}") = "Images", "Images", "{525294F1-174A-47E7-BF59-E985461F9CA5}"
	ProjectSection(SolutionItems) = preProject
		02.ViewModelLocator\Images\shell.png = 02.ViewModelLocator\Images\shell.png
	EndProjectSection
EndProject
Project("{2150E333-8FDC-42A3-9474-1A3956D46DE8}") = "03.Module", "03.Module", "{6C48D622-C819-4E7D-87A8-F9343CC27E67}"
	ProjectSection(SolutionItems) = preProject
		03.Module\README.md = 03.Module\README.md
	EndProjectSection
EndProject
Project("{FAE04EC0-301F-11D3-BF4B-00C04F79EFBC}") = "ModuleApp", "03.Module\ModuleApp\ModuleApp.csproj", "{85129EB5-1406-4E1C-8E6B-1C307CFF4F3C}"
EndProject
Project("{FAE04EC0-301F-11D3-BF4B-00C04F79EFBC}") = "ModuleApp.HelloWordModule", "03.Module\ModuleApp.HelloWordModule\ModuleApp.HelloWordModule.csproj", "{AD66186C-FEFC-4113-A444-F2299AE18AB1}"
EndProject
Project("{2150E333-8FDC-42A3-9474-1A3956D46DE8}") = "04.MVVMBasic", "04.MVVMBasic", "{D7CF6107-2498-4184-B471-04641BEC1593}"
	ProjectSection(SolutionItems) = preProject
		04.MVVMBasic\README.md = 04.MVVMBasic\README.md
	EndProjectSection
EndProject
Project("{FAE04EC0-301F-11D3-BF4B-00C04F79EFBC}") = "MVVMBasicApp", "04.MVVMBasic\MVVMBasicApp\MVVMBasicApp.csproj", "{30528337-8DAF-4D49-B92F-D3DE78D54428}"
EndProject
Project("{FAE04EC0-301F-11D3-BF4B-00C04F79EFBC}") = "MVVMBasicApp.Module", "04.MVVMBasic\MVVMBasicApp.Module\MVVMBasicApp.Module.csproj", "{CF18FCAA-501D-454F-ACCB-82AEC44F3454}"
EndProject
Project("{2150E333-8FDC-42A3-9474-1A3956D46DE8}") = "05.InteractionRequest", "05.InteractionRequest", "{B6E53A8F-1A97-4B58-A235-644B724704FD}"
	ProjectSection(SolutionItems) = preProject
		05.InteractionRequest\README.md = 05.InteractionRequest\README.md
	EndProjectSection
EndProject
Project("{FAE04EC0-301F-11D3-BF4B-00C04F79EFBC}") = "InteractionRequestSampleApp", "05.InteractionRequest\InteractionRequestSampleApp\InteractionRequestSampleApp.csproj", "{70BD793A-A5F4-4B92-AEA0-28CDEE77138A}"
EndProject
Project("{FAE04EC0-301F-11D3-BF4B-00C04F79EFBC}") = "InteractionRequestSampleModule", "05.InteractionRequest\InteractionRequestSampleModule\InteractionRequestSampleModule.csproj", "{DB40DA0C-F8E2-41B1-889A-9F79F600FC9A}"
EndProject
Project("{2150E333-8FDC-42A3-9474-1A3956D46DE8}") = "Images", "Images", "{F50A39BF-82AC-4DBC-A03F-F0A9602DCD62}"
	ProjectSection(SolutionItems) = preProject
		05.InteractionRequest\Images\Confirmation.png = 05.InteractionRequest\Images\Confirmation.png
		05.InteractionRequest\Images\CustomNotification.png = 05.InteractionRequest\Images\CustomNotification.png
		05.InteractionRequest\Images\Notification.png = 05.InteractionRequest\Images\Notification.png
	EndProjectSection
EndProject
Project("{2150E333-8FDC-42A3-9474-1A3956D46DE8}") = "06.Navigation", "06.Navigation", "{E2DAF29F-78E9-428A-B53B-A15B19CD4BDD}"
	ProjectSection(SolutionItems) = preProject
		06.Navigation\README.md = 06.Navigation\README.md
	EndProjectSection
EndProject
Project("{FAE04EC0-301F-11D3-BF4B-00C04F79EFBC}") = "NavigationSampleApp", "06.Navigation\NavigationSampleApp\NavigationSampleApp.csproj", "{DFEB101A-C538-468A-A0EC-A7DEDA8FB977}"
EndProject
Project("{2150E333-8FDC-42A3-9474-1A3956D46DE8}") = "07.EventAggregator", "07.EventAggregator", "{62D271E7-CDE5-46E0-AF89-D3BAC91EF373}"
	ProjectSection(SolutionItems) = preProject
		07.EventAggregator\README.md = 07.EventAggregator\README.md
	EndProjectSection
EndProject
Project("{FAE04EC0-301F-11D3-BF4B-00C04F79EFBC}") = "EventAggregatorSampleApp", "07.EventAggregator\EventAggregatorSampleApp\EventAggregatorSampleApp.csproj", "{64E4DEF0-B76E-41E7-9C24-62BB4C95A4D1}"
EndProject
Project("{FAE04EC0-301F-11D3-BF4B-00C04F79EFBC}") = "EventAggregatorSample.Infrastructure", "07.EventAggregator\EventAggregatorSample.Infrastructure\EventAggregatorSample.Infrastructure.csproj", "{69E7D3E3-0384-4262-ABCF-510F28789DC8}"
EndProject
Project("{FAE04EC0-301F-11D3-BF4B-00C04F79EFBC}") = "EventAggregatorSample.Input", "07.EventAggregator\EventAggregatorSample.Input\EventAggregatorSample.Input.csproj", "{903C9FB2-393A-4D7E-868C-EB97D12D2348}"
EndProject
Project("{FAE04EC0-301F-11D3-BF4B-00C04F79EFBC}") = "EventAggregatorSample.Output1", "07.EventAggregator\EventAggregatorSample.Output1\EventAggregatorSample.Output1.csproj", "{4EC0E477-174C-4AC4-B29B-C2B097DE32F7}"
EndProject
Project("{FAE04EC0-301F-11D3-BF4B-00C04F79EFBC}") = "EventAggregatorSample.Output2", "07.EventAggregator\EventAggregatorSample.Output2\EventAggregatorSample.Output2.csproj", "{A454F954-A302-4D7E-8D99-1C443D34DC4C}"
EndProject
Project("{2150E333-8FDC-42A3-9474-1A3956D46DE8}") = "08.ModuleLoadSeq", "08.ModuleLoadSeq", "{7ABA78ED-A8CC-41D2-97CB-1A87B3E75C2D}"
	ProjectSection(SolutionItems) = preProject
		08.ModuleLoadSeq\README.md = 08.ModuleLoadSeq\README.md
	EndProjectSection
EndProject
Project("{FAE04EC0-301F-11D3-BF4B-00C04F79EFBC}") = "ModuleLoadSeqSampleApp", "08.ModuleLoadSeq\ModuleLoadSeqSampleApp\ModuleLoadSeqSampleApp.csproj", "{0B4BACF4-4649-4B8C-BF42-59BADF642A1F}"
EndProject
Project("{FAE04EC0-301F-11D3-BF4B-00C04F79EFBC}") = "ModuleA", "08.ModuleLoadSeq\ModuleA\ModuleA.csproj", "{62C347D6-90B0-4DDA-91FC-DC34704A362B}"
EndProject
Project("{FAE04EC0-301F-11D3-BF4B-00C04F79EFBC}") = "ModuleCommon", "08.ModuleLoadSeq\ModuleCommon\ModuleCommon.csproj", "{144534C6-B039-4025-92D0-86AF9FD21DA3}"
EndProject
Project("{FAE04EC0-301F-11D3-BF4B-00C04F79EFBC}") = "ModuleB", "08.ModuleLoadSeq\ModuleB\ModuleB.csproj", "{71457635-A1EB-499A-85A5-7D83BFAD5470}"
EndProject
Project("{2150E333-8FDC-42A3-9474-1A3956D46DE8}") = "09.RegionBehavior", "09.RegionBehavior", "{1102EBF3-BE60-4C3E-9D67-0ED90EE8460D}"
	ProjectSection(SolutionItems) = preProject
		09.RegionBehavior\README.md = 09.RegionBehavior\README.md
	EndProjectSection
EndProject
Project("{FAE04EC0-301F-11D3-BF4B-00C04F79EFBC}") = "DisposeBehaviorSampleApp", "09.RegionBehavior\DisposeBehaviorSampleApp\DisposeBehaviorSampleApp.csproj", "{AF5922DF-ED11-4215-8304-3F03A83050EE}"
EndProject
Project("{FAE04EC0-301F-11D3-BF4B-00C04F79EFBC}") = "DisposeBehaviorSampleApp.ModuleA", "09.RegionBehavior\DisposeBehaviorSampleApp.ModuleA\DisposeBehaviorSampleApp.ModuleA.csproj", "{164DF3C4-7487-402C-BC44-B4B210C5DC53}"
EndProject
Global
	GlobalSection(SolutionConfigurationPlatforms) = preSolution
		Debug|Any CPU = Debug|Any CPU
		Release|Any CPU = Release|Any CPU
	EndGlobalSection
	GlobalSection(ProjectConfigurationPlatforms) = postSolution
		{14972B20-B123-4D0E-9E69-8CE2F0B81EF3}.Debug|Any CPU.ActiveCfg = Debug|Any CPU
		{14972B20-B123-4D0E-9E69-8CE2F0B81EF3}.Debug|Any CPU.Build.0 = Debug|Any CPU
		{14972B20-B123-4D0E-9E69-8CE2F0B81EF3}.Release|Any CPU.ActiveCfg = Release|Any CPU
		{14972B20-B123-4D0E-9E69-8CE2F0B81EF3}.Release|Any CPU.Build.0 = Release|Any CPU
		{A7E8A87F-9044-495A-80E3-C1BCE90ABB46}.Debug|Any CPU.ActiveCfg = Debug|Any CPU
		{A7E8A87F-9044-495A-80E3-C1BCE90ABB46}.Debug|Any CPU.Build.0 = Debug|Any CPU
		{A7E8A87F-9044-495A-80E3-C1BCE90ABB46}.Release|Any CPU.ActiveCfg = Release|Any CPU
		{A7E8A87F-9044-495A-80E3-C1BCE90ABB46}.Release|Any CPU.Build.0 = Release|Any CPU
		{85129EB5-1406-4E1C-8E6B-1C307CFF4F3C}.Debug|Any CPU.ActiveCfg = Debug|Any CPU
		{85129EB5-1406-4E1C-8E6B-1C307CFF4F3C}.Debug|Any CPU.Build.0 = Debug|Any CPU
		{85129EB5-1406-4E1C-8E6B-1C307CFF4F3C}.Release|Any CPU.ActiveCfg = Release|Any CPU
		{85129EB5-1406-4E1C-8E6B-1C307CFF4F3C}.Release|Any CPU.Build.0 = Release|Any CPU
		{AD66186C-FEFC-4113-A444-F2299AE18AB1}.Debug|Any CPU.ActiveCfg = Debug|Any CPU
		{AD66186C-FEFC-4113-A444-F2299AE18AB1}.Debug|Any CPU.Build.0 = Debug|Any CPU
		{AD66186C-FEFC-4113-A444-F2299AE18AB1}.Release|Any CPU.ActiveCfg = Release|Any CPU
		{AD66186C-FEFC-4113-A444-F2299AE18AB1}.Release|Any CPU.Build.0 = Release|Any CPU
		{30528337-8DAF-4D49-B92F-D3DE78D54428}.Debug|Any CPU.ActiveCfg = Debug|Any CPU
		{30528337-8DAF-4D49-B92F-D3DE78D54428}.Debug|Any CPU.Build.0 = Debug|Any CPU
		{30528337-8DAF-4D49-B92F-D3DE78D54428}.Release|Any CPU.ActiveCfg = Release|Any CPU
		{30528337-8DAF-4D49-B92F-D3DE78D54428}.Release|Any CPU.Build.0 = Release|Any CPU
		{CF18FCAA-501D-454F-ACCB-82AEC44F3454}.Debug|Any CPU.ActiveCfg = Debug|Any CPU
		{CF18FCAA-501D-454F-ACCB-82AEC44F3454}.Debug|Any CPU.Build.0 = Debug|Any CPU
		{CF18FCAA-501D-454F-ACCB-82AEC44F3454}.Release|Any CPU.ActiveCfg = Release|Any CPU
		{CF18FCAA-501D-454F-ACCB-82AEC44F3454}.Release|Any CPU.Build.0 = Release|Any CPU
		{70BD793A-A5F4-4B92-AEA0-28CDEE77138A}.Debug|Any CPU.ActiveCfg = Debug|Any CPU
		{70BD793A-A5F4-4B92-AEA0-28CDEE77138A}.Debug|Any CPU.Build.0 = Debug|Any CPU
		{70BD793A-A5F4-4B92-AEA0-28CDEE77138A}.Release|Any CPU.ActiveCfg = Release|Any CPU
		{70BD793A-A5F4-4B92-AEA0-28CDEE77138A}.Release|Any CPU.Build.0 = Release|Any CPU
		{DB40DA0C-F8E2-41B1-889A-9F79F600FC9A}.Debug|Any CPU.ActiveCfg = Debug|Any CPU
		{DB40DA0C-F8E2-41B1-889A-9F79F600FC9A}.Debug|Any CPU.Build.0 = Debug|Any CPU
		{DB40DA0C-F8E2-41B1-889A-9F79F600FC9A}.Release|Any CPU.ActiveCfg = Release|Any CPU
		{DB40DA0C-F8E2-41B1-889A-9F79F600FC9A}.Release|Any CPU.Build.0 = Release|Any CPU
		{DFEB101A-C538-468A-A0EC-A7DEDA8FB977}.Debug|Any CPU.ActiveCfg = Debug|Any CPU
		{DFEB101A-C538-468A-A0EC-A7DEDA8FB977}.Debug|Any CPU.Build.0 = Debug|Any CPU
		{DFEB101A-C538-468A-A0EC-A7DEDA8FB977}.Release|Any CPU.ActiveCfg = Release|Any CPU
		{DFEB101A-C538-468A-A0EC-A7DEDA8FB977}.Release|Any CPU.Build.0 = Release|Any CPU
		{64E4DEF0-B76E-41E7-9C24-62BB4C95A4D1}.Debug|Any CPU.ActiveCfg = Debug|Any CPU
		{64E4DEF0-B76E-41E7-9C24-62BB4C95A4D1}.Debug|Any CPU.Build.0 = Debug|Any CPU
		{64E4DEF0-B76E-41E7-9C24-62BB4C95A4D1}.Release|Any CPU.ActiveCfg = Release|Any CPU
		{64E4DEF0-B76E-41E7-9C24-62BB4C95A4D1}.Release|Any CPU.Build.0 = Release|Any CPU
		{69E7D3E3-0384-4262-ABCF-510F28789DC8}.Debug|Any CPU.ActiveCfg = Debug|Any CPU
		{69E7D3E3-0384-4262-ABCF-510F28789DC8}.Debug|Any CPU.Build.0 = Debug|Any CPU
		{69E7D3E3-0384-4262-ABCF-510F28789DC8}.Release|Any CPU.ActiveCfg = Release|Any CPU
		{69E7D3E3-0384-4262-ABCF-510F28789DC8}.Release|Any CPU.Build.0 = Release|Any CPU
		{903C9FB2-393A-4D7E-868C-EB97D12D2348}.Debug|Any CPU.ActiveCfg = Debug|Any CPU
		{903C9FB2-393A-4D7E-868C-EB97D12D2348}.Debug|Any CPU.Build.0 = Debug|Any CPU
		{903C9FB2-393A-4D7E-868C-EB97D12D2348}.Release|Any CPU.ActiveCfg = Release|Any CPU
		{903C9FB2-393A-4D7E-868C-EB97D12D2348}.Release|Any CPU.Build.0 = Release|Any CPU
		{4EC0E477-174C-4AC4-B29B-C2B097DE32F7}.Debug|Any CPU.ActiveCfg = Debug|Any CPU
		{4EC0E477-174C-4AC4-B29B-C2B097DE32F7}.Debug|Any CPU.Build.0 = Debug|Any CPU
		{4EC0E477-174C-4AC4-B29B-C2B097DE32F7}.Release|Any CPU.ActiveCfg = Release|Any CPU
		{4EC0E477-174C-4AC4-B29B-C2B097DE32F7}.Release|Any CPU.Build.0 = Release|Any CPU
		{A454F954-A302-4D7E-8D99-1C443D34DC4C}.Debug|Any CPU.ActiveCfg = Debug|Any CPU
		{A454F954-A302-4D7E-8D99-1C443D34DC4C}.Debug|Any CPU.Build.0 = Debug|Any CPU
		{A454F954-A302-4D7E-8D99-1C443D34DC4C}.Release|Any CPU.ActiveCfg = Release|Any CPU
		{A454F954-A302-4D7E-8D99-1C443D34DC4C}.Release|Any CPU.Build.0 = Release|Any CPU
		{0B4BACF4-4649-4B8C-BF42-59BADF642A1F}.Debug|Any CPU.ActiveCfg = Debug|Any CPU
		{0B4BACF4-4649-4B8C-BF42-59BADF642A1F}.Debug|Any CPU.Build.0 = Debug|Any CPU
		{0B4BACF4-4649-4B8C-BF42-59BADF642A1F}.Release|Any CPU.ActiveCfg = Release|Any CPU
		{0B4BACF4-4649-4B8C-BF42-59BADF642A1F}.Release|Any CPU.Build.0 = Release|Any CPU
		{62C347D6-90B0-4DDA-91FC-DC34704A362B}.Debug|Any CPU.ActiveCfg = Debug|Any CPU
		{62C347D6-90B0-4DDA-91FC-DC34704A362B}.Debug|Any CPU.Build.0 = Debug|Any CPU
		{62C347D6-90B0-4DDA-91FC-DC34704A362B}.Release|Any CPU.ActiveCfg = Release|Any CPU
		{62C347D6-90B0-4DDA-91FC-DC34704A362B}.Release|Any CPU.Build.0 = Release|Any CPU
		{144534C6-B039-4025-92D0-86AF9FD21DA3}.Debug|Any CPU.ActiveCfg = Debug|Any CPU
		{144534C6-B039-4025-92D0-86AF9FD21DA3}.Debug|Any CPU.Build.0 = Debug|Any CPU
		{144534C6-B039-4025-92D0-86AF9FD21DA3}.Release|Any CPU.ActiveCfg = Release|Any CPU
		{144534C6-B039-4025-92D0-86AF9FD21DA3}.Release|Any CPU.Build.0 = Release|Any CPU
		{71457635-A1EB-499A-85A5-7D83BFAD5470}.Debug|Any CPU.ActiveCfg = Debug|Any CPU
		{71457635-A1EB-499A-85A5-7D83BFAD5470}.Debug|Any CPU.Build.0 = Debug|Any CPU
		{71457635-A1EB-499A-85A5-7D83BFAD5470}.Release|Any CPU.ActiveCfg = Release|Any CPU
		{71457635-A1EB-499A-85A5-7D83BFAD5470}.Release|Any CPU.Build.0 = Release|Any CPU
		{AF5922DF-ED11-4215-8304-3F03A83050EE}.Debug|Any CPU.ActiveCfg = Debug|Any CPU
		{AF5922DF-ED11-4215-8304-3F03A83050EE}.Debug|Any CPU.Build.0 = Debug|Any CPU
		{AF5922DF-ED11-4215-8304-3F03A83050EE}.Release|Any CPU.ActiveCfg = Release|Any CPU
		{AF5922DF-ED11-4215-8304-3F03A83050EE}.Release|Any CPU.Build.0 = Release|Any CPU
		{164DF3C4-7487-402C-BC44-B4B210C5DC53}.Debug|Any CPU.ActiveCfg = Debug|Any CPU
		{164DF3C4-7487-402C-BC44-B4B210C5DC53}.Debug|Any CPU.Build.0 = Debug|Any CPU
		{164DF3C4-7487-402C-BC44-B4B210C5DC53}.Release|Any CPU.ActiveCfg = Release|Any CPU
		{164DF3C4-7487-402C-BC44-B4B210C5DC53}.Release|Any CPU.Build.0 = Release|Any CPU
	EndGlobalSection
	GlobalSection(SolutionProperties) = preSolution
		HideSolutionNode = FALSE
	EndGlobalSection
	GlobalSection(NestedProjects) = preSolution
		{14972B20-B123-4D0E-9E69-8CE2F0B81EF3} = {D10D0804-BB61-4559-9673-6754D878A99A}
		{1AE025EB-EE2C-488C-8F73-C2EDA6747129} = {D10D0804-BB61-4559-9673-6754D878A99A}
		{A7E8A87F-9044-495A-80E3-C1BCE90ABB46} = {05FB80D8-4803-4D11-9842-0EDF140ABA87}
		{525294F1-174A-47E7-BF59-E985461F9CA5} = {05FB80D8-4803-4D11-9842-0EDF140ABA87}
		{85129EB5-1406-4E1C-8E6B-1C307CFF4F3C} = {6C48D622-C819-4E7D-87A8-F9343CC27E67}
		{AD66186C-FEFC-4113-A444-F2299AE18AB1} = {6C48D622-C819-4E7D-87A8-F9343CC27E67}
		{30528337-8DAF-4D49-B92F-D3DE78D54428} = {D7CF6107-2498-4184-B471-04641BEC1593}
		{CF18FCAA-501D-454F-ACCB-82AEC44F3454} = {D7CF6107-2498-4184-B471-04641BEC1593}
		{70BD793A-A5F4-4B92-AEA0-28CDEE77138A} = {B6E53A8F-1A97-4B58-A235-644B724704FD}
		{DB40DA0C-F8E2-41B1-889A-9F79F600FC9A} = {B6E53A8F-1A97-4B58-A235-644B724704FD}
		{F50A39BF-82AC-4DBC-A03F-F0A9602DCD62} = {B6E53A8F-1A97-4B58-A235-644B724704FD}
		{DFEB101A-C538-468A-A0EC-A7DEDA8FB977} = {E2DAF29F-78E9-428A-B53B-A15B19CD4BDD}
		{64E4DEF0-B76E-41E7-9C24-62BB4C95A4D1} = {62D271E7-CDE5-46E0-AF89-D3BAC91EF373}
		{69E7D3E3-0384-4262-ABCF-510F28789DC8} = {62D271E7-CDE5-46E0-AF89-D3BAC91EF373}
		{903C9FB2-393A-4D7E-868C-EB97D12D2348} = {62D271E7-CDE5-46E0-AF89-D3BAC91EF373}
		{4EC0E477-174C-4AC4-B29B-C2B097DE32F7} = {62D271E7-CDE5-46E0-AF89-D3BAC91EF373}
		{A454F954-A302-4D7E-8D99-1C443D34DC4C} = {62D271E7-CDE5-46E0-AF89-D3BAC91EF373}
		{0B4BACF4-4649-4B8C-BF42-59BADF642A1F} = {7ABA78ED-A8CC-41D2-97CB-1A87B3E75C2D}
		{62C347D6-90B0-4DDA-91FC-DC34704A362B} = {7ABA78ED-A8CC-41D2-97CB-1A87B3E75C2D}
		{144534C6-B039-4025-92D0-86AF9FD21DA3} = {7ABA78ED-A8CC-41D2-97CB-1A87B3E75C2D}
		{71457635-A1EB-499A-85A5-7D83BFAD5470} = {7ABA78ED-A8CC-41D2-97CB-1A87B3E75C2D}
		{AF5922DF-ED11-4215-8304-3F03A83050EE} = {1102EBF3-BE60-4C3E-9D67-0ED90EE8460D}
		{164DF3C4-7487-402C-BC44-B4B210C5DC53} = {1102EBF3-BE60-4C3E-9D67-0ED90EE8460D}
	EndGlobalSection
EndGlobal
