
Microsoft Visual Studio Solution File, Format Version 12.00
# Visual Studio 14
VisualStudioVersion = 14.0.23107.0
MinimumVisualStudioVersion = 10.0.40219.1
Project("{2150E333-8FDC-42A3-9474-1A3956D46DE8}") = "Solution Items", "Solution Items", "{31BD9BF6-DAC1-4081-A10C-616484EC96C6}"
	ProjectSection(SolutionItems) = preProject
		README.md = README.md
	EndProjectSection
EndProject
Project("{2150E333-8FDC-42A3-9474-1A3956D46DE8}") = "01.Bootstrap", "01.Bootstrap", "{D10D0804-BB61-4559-9673-6754D878A99A}"
	ProjectSection(SolutionItems) = preProject
		01.Bootstrap\README.md = 01.Bootstrap\README.md
	EndProjectSection
EndProject
Project("{FAE04EC0-301F-11D3-BF4B-00C04F79EFBC}") = "HelloWorldApp", "01.Bootstrap\HelloWorldApp\HelloWorldApp.csproj", "{14972B20-B123-4D0E-9E69-8CE2F0B81EF3}"
EndProject
Global
	GlobalSection(SolutionConfigurationPlatforms) = preSolution
		Debug|Any CPU = Debug|Any CPU
		Release|Any CPU = Release|Any CPU
	EndGlobalSection
	GlobalSection(ProjectConfigurationPlatforms) = postSolution
		{14972B20-B123-4D0E-9E69-8CE2F0B81EF3}.Debug|Any CPU.ActiveCfg = Debug|Any CPU
		{14972B20-B123-4D0E-9E69-8CE2F0B81EF3}.Debug|Any CPU.Build.0 = Debug|Any CPU
		{14972B20-B123-4D0E-9E69-8CE2F0B81EF3}.Release|Any CPU.ActiveCfg = Release|Any CPU
		{14972B20-B123-4D0E-9E69-8CE2F0B81EF3}.Release|Any CPU.Build.0 = Release|Any CPU
	EndGlobalSection
	GlobalSection(SolutionProperties) = preSolution
		HideSolutionNode = FALSE
	EndGlobalSection
	GlobalSection(NestedProjects) = preSolution
		{14972B20-B123-4D0E-9E69-8CE2F0B81EF3} = {D10D0804-BB61-4559-9673-6754D878A99A}
	EndGlobalSection
EndGlobal
