
Microsoft Visual Studio Solution File, Format Version 12.00
# Visual Studio Version 16
VisualStudioVersion = 16.0.30320.27
MinimumVisualStudioVersion = 10.0.40219.1
Project("{FAE04EC0-301F-11D3-BF4B-00C04F79EFBC}") = "ViewModelLocatorSampleApp", "ViewModelLocatorSampleApp\ViewModelLocatorSampleApp.csproj", "{1B1ACA99-F64F-4E38-83D8-184C406B55CA}"
EndProject
Global
	GlobalSection(SolutionConfigurationPlatforms) = preSolution
		Debug|Any CPU = Debug|Any CPU
		Release|Any CPU = Release|Any CPU
	EndGlobalSection
	GlobalSection(ProjectConfigurationPlatforms) = postSolution
		{1B1ACA99-F64F-4E38-83D8-184C406B55CA}.Debug|Any CPU.ActiveCfg = Debug|Any CPU
		{1B1ACA99-F64F-4E38-83D8-184C406B55CA}.Debug|Any CPU.Build.0 = Debug|Any CPU
		{1B1ACA99-F64F-4E38-83D8-184C406B55CA}.Release|Any CPU.ActiveCfg = Release|Any CPU
		{1B1ACA99-F64F-4E38-83D8-184C406B55CA}.Release|Any CPU.Build.0 = Release|Any CPU
	EndGlobalSection
	GlobalSection(SolutionProperties) = preSolution
		HideSolutionNode = FALSE
	EndGlobalSection
	GlobalSection(ExtensibilityGlobals) = postSolution
		SolutionGuid = {BD00B3F6-05FE-4C52-8AD8-8049603B026F}
	EndGlobalSection
EndGlobal
