
Microsoft Visual Studio Solution File, Format Version 12.00
# Visual Studio Version 16
VisualStudioVersion = 16.0.30320.27
MinimumVisualStudioVersion = 10.0.40219.1
Project("{FAE04EC0-301F-11D3-BF4B-00C04F79EFBC}") = "MvvmBasicApp", "MvvmBasicApp\MvvmBasicApp.csproj", "{8D30388A-FB50-449B-9F91-0E956CF5F8C9}"
EndProject
Project("{FAE04EC0-301F-11D3-BF4B-00C04F79EFBC}") = "MvvmBasicApp.HelloWorld", "MvvmBasicApp.HelloWorld\MvvmBasicApp.HelloWorld.csproj", "{BFCE6577-C28E-4512-8834-4E8F39BA10E8}"
EndProject
Global
	GlobalSection(SolutionConfigurationPlatforms) = preSolution
		Debug|Any CPU = Debug|Any CPU
		Release|Any CPU = Release|Any CPU
	EndGlobalSection
	GlobalSection(ProjectConfigurationPlatforms) = postSolution
		{8D30388A-FB50-449B-9F91-0E956CF5F8C9}.Debug|Any CPU.ActiveCfg = Debug|Any CPU
		{8D30388A-FB50-449B-9F91-0E956CF5F8C9}.Debug|Any CPU.Build.0 = Debug|Any CPU
		{8D30388A-FB50-449B-9F91-0E956CF5F8C9}.Release|Any CPU.ActiveCfg = Release|Any CPU
		{8D30388A-FB50-449B-9F91-0E956CF5F8C9}.Release|Any CPU.Build.0 = Release|Any CPU
		{BFCE6577-C28E-4512-8834-4E8F39BA10E8}.Debug|Any CPU.ActiveCfg = Debug|Any CPU
		{BFCE6577-C28E-4512-8834-4E8F39BA10E8}.Debug|Any CPU.Build.0 = Debug|Any CPU
		{BFCE6577-C28E-4512-8834-4E8F39BA10E8}.Release|Any CPU.ActiveCfg = Release|Any CPU
		{BFCE6577-C28E-4512-8834-4E8F39BA10E8}.Release|Any CPU.Build.0 = Release|Any CPU
	EndGlobalSection
	GlobalSection(SolutionProperties) = preSolution
		HideSolutionNode = FALSE
	EndGlobalSection
	GlobalSection(ExtensibilityGlobals) = postSolution
		SolutionGuid = {11CE03A9-D13D-4CCA-A188-32319D68C749}
	EndGlobalSection
EndGlobal
